
Microsoft Visual Studio Solution File, Format Version 12.00
# Visual Studio Version 17
VisualStudioVersion = 17.11.35312.102
MinimumVisualStudioVersion = 10.0.40219.1
Project("{FAE04EC0-301F-11D3-BF4B-00C04F79EFBC}") = "ControlStructure", "ControlStructure\ControlStructure.csproj", "{2FD73679-CBB7-4076-9280-564D5B0D264F}"
EndProject
Global
	GlobalSection(SolutionConfigurationPlatforms) = preSolution
		Debug|Any CPU = Debug|Any CPU
		Release|Any CPU = Release|Any CPU
	EndGlobalSection
	GlobalSection(ProjectConfigurationPlatforms) = postSolution
		{2FD73679-CBB7-4076-9280-564D5B0D264F}.Debug|Any CPU.ActiveCfg = Debug|Any CPU
		{2FD73679-CBB7-4076-9280-564D5B0D264F}.Debug|Any CPU.Build.0 = Debug|Any CPU
		{2FD73679-CBB7-4076-9280-564D5B0D264F}.Release|Any CPU.ActiveCfg = Release|Any CPU
		{2FD73679-CBB7-4076-9280-564D5B0D264F}.Release|Any CPU.Build.0 = Release|Any CPU
	EndGlobalSection
	GlobalSection(SolutionProperties) = preSolution
		HideSolutionNode = FALSE
	EndGlobalSection
	GlobalSection(ExtensibilityGlobals) = postSolution
		SolutionGuid = {234B77EF-8541-4A2B-92DF-FDD343760F90}
	EndGlobalSection
EndGlobal
